
Microsoft Visual Studio Solution File, Format Version 12.00
# Visual Studio Version 17
VisualStudioVersion = 17.10.35122.118
MinimumVisualStudioVersion = 10.0.40219.1
Project("{8BC9CEB8-8B4A-11D0-8D11-00A0C91BC942}") = "3-9-2026 Chapter 11 Laptop Price Initialization", "3-9-2026 Chapter 11 Laptop Price Initialization\3-9-2026 Chapter 11 Laptop Price Initialization.vcxproj", "{A8816C25-9448-4553-825A-1DA1FFBA6700}"
EndProject
Global
	GlobalSection(SolutionConfigurationPlatforms) = preSolution
		Debug|x64 = Debug|x64
		Debug|x86 = Debug|x86
		Release|x64 = Release|x64
		Release|x86 = Release|x86
	EndGlobalSection
	GlobalSection(ProjectConfigurationPlatforms) = postSolution
		{A8816C25-9448-4553-825A-1DA1FFBA6700}.Debug|x64.ActiveCfg = Debug|x64
		{A8816C25-9448-4553-825A-1DA1FFBA6700}.Debug|x64.Build.0 = Debug|x64
		{A8816C25-9448-4553-825A-1DA1FFBA6700}.Debug|x86.ActiveCfg = Debug|Win32
		{A8816C25-9448-4553-825A-1DA1FFBA6700}.Debug|x86.Build.0 = Debug|Win32
		{A8816C25-9448-4553-825A-1DA1FFBA6700}.Release|x64.ActiveCfg = Release|x64
		{A8816C25-9448-4553-825A-1DA1FFBA6700}.Release|x64.Build.0 = Release|x64
		{A8816C25-9448-4553-825A-1DA1FFBA6700}.Release|x86.ActiveCfg = Release|Win32
		{A8816C25-9448-4553-825A-1DA1FFBA6700}.Release|x86.Build.0 = Release|Win32
	EndGlobalSection
	GlobalSection(SolutionProperties) = preSolution
		HideSolutionNode = FALSE
	EndGlobalSection
	GlobalSection(ExtensibilityGlobals) = postSolution
		SolutionGuid = {91BBC813-37DE-404C-90E6-105103AA5A29}
	EndGlobalSection
EndGlobal
