
Microsoft Visual Studio Solution File, Format Version 12.00
# Visual Studio Version 17
VisualStudioVersion = 17.10.35122.118
MinimumVisualStudioVersion = 10.0.40219.1
Project("{8BC9CEB8-8B4A-11D0-8D11-00A0C91BC942}") = "3-9-2026 Chapter 11 Student Name", "3-9-2026 Chapter 11 Student Name\3-9-2026 Chapter 11 Student Name.vcxproj", "{C9497D38-8918-4341-A9A9-9B86971A3FE7}"
EndProject
Global
	GlobalSection(SolutionConfigurationPlatforms) = preSolution
		Debug|x64 = Debug|x64
		Debug|x86 = Debug|x86
		Release|x64 = Release|x64
		Release|x86 = Release|x86
	EndGlobalSection
	GlobalSection(ProjectConfigurationPlatforms) = postSolution
		{C9497D38-8918-4341-A9A9-9B86971A3FE7}.Debug|x64.ActiveCfg = Debug|x64
		{C9497D38-8918-4341-A9A9-9B86971A3FE7}.Debug|x64.Build.0 = Debug|x64
		{C9497D38-8918-4341-A9A9-9B86971A3FE7}.Debug|x86.ActiveCfg = Debug|Win32
		{C9497D38-8918-4341-A9A9-9B86971A3FE7}.Debug|x86.Build.0 = Debug|Win32
		{C9497D38-8918-4341-A9A9-9B86971A3FE7}.Release|x64.ActiveCfg = Release|x64
		{C9497D38-8918-4341-A9A9-9B86971A3FE7}.Release|x64.Build.0 = Release|x64
		{C9497D38-8918-4341-A9A9-9B86971A3FE7}.Release|x86.ActiveCfg = Release|Win32
		{C9497D38-8918-4341-A9A9-9B86971A3FE7}.Release|x86.Build.0 = Release|Win32
	EndGlobalSection
	GlobalSection(SolutionProperties) = preSolution
		HideSolutionNode = FALSE
	EndGlobalSection
	GlobalSection(ExtensibilityGlobals) = postSolution
		SolutionGuid = {94216BAC-56F1-43E5-9125-591EE29D2526}
	EndGlobalSection
EndGlobal
